<?xml version="1.0" encoding="utf-8"?>
<Project ToolsVersion="4.0" xmlns="http://schemas.microsoft.com/developer/msbuild/2003">
  <ItemGroup>
    <ClCompile Include="..\Utils\Control.c">
      <Filter>Source Files\Utils</Filter>
    </ClCompile>
    <ClCompile Include="Control.Sysvol.Sd.c">
      <Filter>Source Files</Filter>
    </ClCompile>
  </ItemGroup>
  <ItemGroup>
    <ClInclude Include="..\Utils\Control.h">
      <Filter>Header Files</Filter>
    </ClInclude>
  </ItemGroup>
  <ItemGroup>
    <Filter Include="Header Files">
      <UniqueIdentifier>{8ea2edcd-4796-415d-a1a2-510df37bf96e}</UniqueIdentifier>
    </Filter>
    <Filter Include="Source Files">
      <UniqueIdentifier>{7a693cbd-708a-467e-99e4-88ecfc4efef4}</UniqueIdentifier>
    </Filter>
    <Filter Include="Source Files\Utils">
      <UniqueIdentifier>{113e702c-e02b-4133-8964-53f954ad76c0}</UniqueIdentifier>
    </Filter>
  </ItemGroup>
</Project>