
Microsoft Visual Studio Solution File, Format Version 12.00
# Visual Studio 15
VisualStudioVersion = 15.0.27130.2020
MinimumVisualStudioVersion = 10.0.40219.1
Project("{8BC9CEB8-8B4A-11D0-8D11-00A0C91BC942}") = "Control.Ad.Gplink", "Control.Ad.Gplink\Control.Ad.Gplink.vcxproj", "{F4CE2EF8-7DD5-40B4-8BE6-E59725E123A1}"
EndProject
Project("{8BC9CEB8-8B4A-11D0-8D11-00A0C91BC942}") = "Control.Ad.Group", "Control.Ad.Group\Control.Ad.Group.vcxproj", "{E2D446EC-158B-4E6F-A51E-49E74795631B}"
EndProject
Project("{8BC9CEB8-8B4A-11D0-8D11-00A0C91BC942}") = "Control.Ad.Container", "Control.Ad.Container\Control.Ad.Container.vcxproj", "{03559922-2BB3-4CFE-82FF-93BC0B814FF5}"
EndProject
Project("{8BC9CEB8-8B4A-11D0-8D11-00A0C91BC942}") = "Control.Ad.Sd", "Control.Ad.Sd\Control.Ad.Sd.vcxproj", "{2B1054B4-6FBE-4B36-AB13-45E6EB2F0B4B}"
EndProject
Project("{8BC9CEB8-8B4A-11D0-8D11-00A0C91BC942}") = "Control.Sysvol.Sd", "Control.Sysvol.Sd\Control.Sysvol.Sd.vcxproj", "{1C71FA95-5CDB-4016-B5C6-A077C32BA2A9}"
EndProject
Project("{8BC9CEB8-8B4A-11D0-8D11-00A0C91BC942}") = "Control.Ad.PrimaryGroup", "Control.Ad.PrimaryGroup\Control.Ad.PrimaryGroup.vcxproj", "{924B750F-6D47-45FC-9802-A39AF0507BB5}"
EndProject
Project("{8BC9CEB8-8B4A-11D0-8D11-00A0C91BC942}") = "Control.Ad.SidHistory", "Control.Ad.SidHistory\Control.Ad.SidHistory.vcxproj", "{3440AF0A-861F-4782-9CE6-A946128A9E4A}"
EndProject
Project("{8BC9CEB8-8B4A-11D0-8D11-00A0C91BC942}") = "Control.MakeAllNodes", "Control.MakeAllNodes\Control.MakeAllNodes.vcxproj", "{4ECBB1DC-4564-4863-B315-698390AF07A0}"
EndProject
Project("{8BC9CEB8-8B4A-11D0-8D11-00A0C91BC942}") = "Control.Ad.Rodc", "Control.Ad.Rodc\Control.Ad.Rodc.vcxproj", "{368B006E-963A-4AB5-B29B-FAF988FE80EA}"
EndProject
Project("{8BC9CEB8-8B4A-11D0-8D11-00A0C91BC942}") = "Control.Exch.Db", "Control.Exch.Db\Control.Exch.Db.vcxproj", "{61183DE9-6DD0-46A5-BEB0-81E6E5C6044C}"
EndProject
Project("{8BC9CEB8-8B4A-11D0-8D11-00A0C91BC942}") = "Control.Exch.Role", "Control.Exch.Role\Control.Exch.Role.vcxproj", "{D62E727D-D300-4022-B246-60F9D85A753C}"
EndProject
Project("{8BC9CEB8-8B4A-11D0-8D11-00A0C91BC942}") = "Control.Exch.RoleEntry", "Control.Exch.RoleEntry\Control.Exch.RoleEntry.vcxproj", "{ADCA4563-DA63-4670-9684-7C0271A31F85}"
EndProject
Project("{8BC9CEB8-8B4A-11D0-8D11-00A0C91BC942}") = "Control.Mbx.Sd", "Control.Mbx.Sd\Control.Mbx.Sd.vcxproj", "{DD71241F-F922-408E-8EA2-80D5D01CE58E}"
EndProject
Project("{8BC9CEB8-8B4A-11D0-8D11-00A0C91BC942}") = "Control.Ad.Deleg", "Control.Ad.Deleg\Control.Ad.Deleg.vcxproj", "{9A89168F-D903-4FC1-9950-B09DB82A06B5}"
EndProject
Global
	GlobalSection(SolutionConfigurationPlatforms) = preSolution
		Debug|Mixed Platforms = Debug|Mixed Platforms
		Debug|Win32 = Debug|Win32
		Debug|x64 = Debug|x64
		Release|Mixed Platforms = Release|Mixed Platforms
		Release|Win32 = Release|Win32
		Release|x64 = Release|x64
		VLD|Mixed Platforms = VLD|Mixed Platforms
		VLD|Win32 = VLD|Win32
		VLD|x64 = VLD|x64
	EndGlobalSection
	GlobalSection(ProjectConfigurationPlatforms) = postSolution
		{F4CE2EF8-7DD5-40B4-8BE6-E59725E123A1}.Debug|Mixed Platforms.ActiveCfg = Debug|x64
		{F4CE2EF8-7DD5-40B4-8BE6-E59725E123A1}.Debug|Mixed Platforms.Build.0 = Debug|x64
		{F4CE2EF8-7DD5-40B4-8BE6-E59725E123A1}.Debug|Win32.ActiveCfg = Debug|Win32
		{F4CE2EF8-7DD5-40B4-8BE6-E59725E123A1}.Debug|Win32.Build.0 = Debug|Win32
		{F4CE2EF8-7DD5-40B4-8BE6-E59725E123A1}.Debug|x64.ActiveCfg = Debug|x64
		{F4CE2EF8-7DD5-40B4-8BE6-E59725E123A1}.Debug|x64.Build.0 = Debug|x64
		{F4CE2EF8-7DD5-40B4-8BE6-E59725E123A1}.Release|Mixed Platforms.ActiveCfg = Release|x64
		{F4CE2EF8-7DD5-40B4-8BE6-E59725E123A1}.Release|Mixed Platforms.Build.0 = Release|x64
		{F4CE2EF8-7DD5-40B4-8BE6-E59725E123A1}.Release|Win32.ActiveCfg = Release|Win32
		{F4CE2EF8-7DD5-40B4-8BE6-E59725E123A1}.Release|Win32.Build.0 = Release|Win32
		{F4CE2EF8-7DD5-40B4-8BE6-E59725E123A1}.Release|x64.ActiveCfg = Release|x64
		{F4CE2EF8-7DD5-40B4-8BE6-E59725E123A1}.Release|x64.Build.0 = Release|x64
		{F4CE2EF8-7DD5-40B4-8BE6-E59725E123A1}.VLD|Mixed Platforms.ActiveCfg = VLD|x64
		{F4CE2EF8-7DD5-40B4-8BE6-E59725E123A1}.VLD|Mixed Platforms.Build.0 = VLD|x64
		{F4CE2EF8-7DD5-40B4-8BE6-E59725E123A1}.VLD|Win32.ActiveCfg = VLD|Win32
		{F4CE2EF8-7DD5-40B4-8BE6-E59725E123A1}.VLD|Win32.Build.0 = VLD|Win32
		{F4CE2EF8-7DD5-40B4-8BE6-E59725E123A1}.VLD|x64.ActiveCfg = VLD|x64
		{F4CE2EF8-7DD5-40B4-8BE6-E59725E123A1}.VLD|x64.Build.0 = VLD|x64
		{E2D446EC-158B-4E6F-A51E-49E74795631B}.Debug|Mixed Platforms.ActiveCfg = Debug|x64
		{E2D446EC-158B-4E6F-A51E-49E74795631B}.Debug|Mixed Platforms.Build.0 = Debug|x64
		{E2D446EC-158B-4E6F-A51E-49E74795631B}.Debug|Win32.ActiveCfg = Debug|Win32
		{E2D446EC-158B-4E6F-A51E-49E74795631B}.Debug|Win32.Build.0 = Debug|Win32
		{E2D446EC-158B-4E6F-A51E-49E74795631B}.Debug|x64.ActiveCfg = Debug|x64
		{E2D446EC-158B-4E6F-A51E-49E74795631B}.Debug|x64.Build.0 = Debug|x64
		{E2D446EC-158B-4E6F-A51E-49E74795631B}.Release|Mixed Platforms.ActiveCfg = Release|x64
		{E2D446EC-158B-4E6F-A51E-49E74795631B}.Release|Mixed Platforms.Build.0 = Release|x64
		{E2D446EC-158B-4E6F-A51E-49E74795631B}.Release|Win32.ActiveCfg = Release|Win32
		{E2D446EC-158B-4E6F-A51E-49E74795631B}.Release|Win32.Build.0 = Release|Win32
		{E2D446EC-158B-4E6F-A51E-49E74795631B}.Release|x64.ActiveCfg = Release|x64
		{E2D446EC-158B-4E6F-A51E-49E74795631B}.Release|x64.Build.0 = Release|x64
		{E2D446EC-158B-4E6F-A51E-49E74795631B}.VLD|Mixed Platforms.ActiveCfg = VLD|x64
		{E2D446EC-158B-4E6F-A51E-49E74795631B}.VLD|Mixed Platforms.Build.0 = VLD|x64
		{E2D446EC-158B-4E6F-A51E-49E74795631B}.VLD|Win32.ActiveCfg = VLD|Win32
		{E2D446EC-158B-4E6F-A51E-49E74795631B}.VLD|Win32.Build.0 = VLD|Win32
		{E2D446EC-158B-4E6F-A51E-49E74795631B}.VLD|x64.ActiveCfg = VLD|x64
		{E2D446EC-158B-4E6F-A51E-49E74795631B}.VLD|x64.Build.0 = VLD|x64
		{03559922-2BB3-4CFE-82FF-93BC0B814FF5}.Debug|Mixed Platforms.ActiveCfg = Debug|x64
		{03559922-2BB3-4CFE-82FF-93BC0B814FF5}.Debug|Mixed Platforms.Build.0 = Debug|x64
		{03559922-2BB3-4CFE-82FF-93BC0B814FF5}.Debug|Win32.ActiveCfg = Debug|Win32
		{03559922-2BB3-4CFE-82FF-93BC0B814FF5}.Debug|Win32.Build.0 = Debug|Win32
		{03559922-2BB3-4CFE-82FF-93BC0B814FF5}.Debug|x64.ActiveCfg = Debug|x64
		{03559922-2BB3-4CFE-82FF-93BC0B814FF5}.Debug|x64.Build.0 = Debug|x64
		{03559922-2BB3-4CFE-82FF-93BC0B814FF5}.Release|Mixed Platforms.ActiveCfg = Release|x64
		{03559922-2BB3-4CFE-82FF-93BC0B814FF5}.Release|Mixed Platforms.Build.0 = Release|x64
		{03559922-2BB3-4CFE-82FF-93BC0B814FF5}.Release|Win32.ActiveCfg = Release|Win32
		{03559922-2BB3-4CFE-82FF-93BC0B814FF5}.Release|Win32.Build.0 = Release|Win32
		{03559922-2BB3-4CFE-82FF-93BC0B814FF5}.Release|x64.ActiveCfg = Release|x64
		{03559922-2BB3-4CFE-82FF-93BC0B814FF5}.Release|x64.Build.0 = Release|x64
		{03559922-2BB3-4CFE-82FF-93BC0B814FF5}.VLD|Mixed Platforms.ActiveCfg = VLD|x64
		{03559922-2BB3-4CFE-82FF-93BC0B814FF5}.VLD|Mixed Platforms.Build.0 = VLD|x64
		{03559922-2BB3-4CFE-82FF-93BC0B814FF5}.VLD|Win32.ActiveCfg = VLD|Win32
		{03559922-2BB3-4CFE-82FF-93BC0B814FF5}.VLD|Win32.Build.0 = VLD|Win32
		{03559922-2BB3-4CFE-82FF-93BC0B814FF5}.VLD|x64.ActiveCfg = VLD|x64
		{03559922-2BB3-4CFE-82FF-93BC0B814FF5}.VLD|x64.Build.0 = VLD|x64
		{2B1054B4-6FBE-4B36-AB13-45E6EB2F0B4B}.Debug|Mixed Platforms.ActiveCfg = Debug|x64
		{2B1054B4-6FBE-4B36-AB13-45E6EB2F0B4B}.Debug|Mixed Platforms.Build.0 = Debug|x64
		{2B1054B4-6FBE-4B36-AB13-45E6EB2F0B4B}.Debug|Win32.ActiveCfg = Debug|Win32
		{2B1054B4-6FBE-4B36-AB13-45E6EB2F0B4B}.Debug|Win32.Build.0 = Debug|Win32
		{2B1054B4-6FBE-4B36-AB13-45E6EB2F0B4B}.Debug|x64.ActiveCfg = Debug|x64
		{2B1054B4-6FBE-4B36-AB13-45E6EB2F0B4B}.Debug|x64.Build.0 = Debug|x64
		{2B1054B4-6FBE-4B36-AB13-45E6EB2F0B4B}.Release|Mixed Platforms.ActiveCfg = Release|x64
		{2B1054B4-6FBE-4B36-AB13-45E6EB2F0B4B}.Release|Mixed Platforms.Build.0 = Release|x64
		{2B1054B4-6FBE-4B36-AB13-45E6EB2F0B4B}.Release|Win32.ActiveCfg = Release|Win32
		{2B1054B4-6FBE-4B36-AB13-45E6EB2F0B4B}.Release|Win32.Build.0 = Release|Win32
		{2B1054B4-6FBE-4B36-AB13-45E6EB2F0B4B}.Release|x64.ActiveCfg = Release|x64
		{2B1054B4-6FBE-4B36-AB13-45E6EB2F0B4B}.Release|x64.Build.0 = Release|x64
		{2B1054B4-6FBE-4B36-AB13-45E6EB2F0B4B}.VLD|Mixed Platforms.ActiveCfg = VLD|x64
		{2B1054B4-6FBE-4B36-AB13-45E6EB2F0B4B}.VLD|Mixed Platforms.Build.0 = VLD|x64
		{2B1054B4-6FBE-4B36-AB13-45E6EB2F0B4B}.VLD|Win32.ActiveCfg = VLD|Win32
		{2B1054B4-6FBE-4B36-AB13-45E6EB2F0B4B}.VLD|Win32.Build.0 = VLD|Win32
		{2B1054B4-6FBE-4B36-AB13-45E6EB2F0B4B}.VLD|x64.ActiveCfg = VLD|x64
		{2B1054B4-6FBE-4B36-AB13-45E6EB2F0B4B}.VLD|x64.Build.0 = VLD|x64
		{1C71FA95-5CDB-4016-B5C6-A077C32BA2A9}.Debug|Mixed Platforms.ActiveCfg = Debug|x64
		{1C71FA95-5CDB-4016-B5C6-A077C32BA2A9}.Debug|Mixed Platforms.Build.0 = Debug|x64
		{1C71FA95-5CDB-4016-B5C6-A077C32BA2A9}.Debug|Win32.ActiveCfg = Debug|Win32
		{1C71FA95-5CDB-4016-B5C6-A077C32BA2A9}.Debug|Win32.Build.0 = Debug|Win32
		{1C71FA95-5CDB-4016-B5C6-A077C32BA2A9}.Debug|x64.ActiveCfg = Debug|x64
		{1C71FA95-5CDB-4016-B5C6-A077C32BA2A9}.Debug|x64.Build.0 = Debug|x64
		{1C71FA95-5CDB-4016-B5C6-A077C32BA2A9}.Release|Mixed Platforms.ActiveCfg = Release|x64
		{1C71FA95-5CDB-4016-B5C6-A077C32BA2A9}.Release|Mixed Platforms.Build.0 = Release|x64
		{1C71FA95-5CDB-4016-B5C6-A077C32BA2A9}.Release|Win32.ActiveCfg = Release|Win32
		{1C71FA95-5CDB-4016-B5C6-A077C32BA2A9}.Release|Win32.Build.0 = Release|Win32
		{1C71FA95-5CDB-4016-B5C6-A077C32BA2A9}.Release|x64.ActiveCfg = Release|x64
		{1C71FA95-5CDB-4016-B5C6-A077C32BA2A9}.Release|x64.Build.0 = Release|x64
		{1C71FA95-5CDB-4016-B5C6-A077C32BA2A9}.VLD|Mixed Platforms.ActiveCfg = VLD|x64
		{1C71FA95-5CDB-4016-B5C6-A077C32BA2A9}.VLD|Mixed Platforms.Build.0 = VLD|x64
		{1C71FA95-5CDB-4016-B5C6-A077C32BA2A9}.VLD|Win32.ActiveCfg = VLD|Win32
		{1C71FA95-5CDB-4016-B5C6-A077C32BA2A9}.VLD|Win32.Build.0 = VLD|Win32
		{1C71FA95-5CDB-4016-B5C6-A077C32BA2A9}.VLD|x64.ActiveCfg = VLD|x64
		{1C71FA95-5CDB-4016-B5C6-A077C32BA2A9}.VLD|x64.Build.0 = VLD|x64
		{924B750F-6D47-45FC-9802-A39AF0507BB5}.Debug|Mixed Platforms.ActiveCfg = Debug|Win32
		{924B750F-6D47-45FC-9802-A39AF0507BB5}.Debug|Mixed Platforms.Build.0 = Debug|Win32
		{924B750F-6D47-45FC-9802-A39AF0507BB5}.Debug|Win32.ActiveCfg = Debug|Win32
		{924B750F-6D47-45FC-9802-A39AF0507BB5}.Debug|Win32.Build.0 = Debug|Win32
		{924B750F-6D47-45FC-9802-A39AF0507BB5}.Debug|x64.ActiveCfg = Debug|x64
		{924B750F-6D47-45FC-9802-A39AF0507BB5}.Debug|x64.Build.0 = Debug|x64
		{924B750F-6D47-45FC-9802-A39AF0507BB5}.Release|Mixed Platforms.ActiveCfg = Release|Win32
		{924B750F-6D47-45FC-9802-A39AF0507BB5}.Release|Mixed Platforms.Build.0 = Release|Win32
		{924B750F-6D47-45FC-9802-A39AF0507BB5}.Release|Win32.ActiveCfg = Release|Win32
		{924B750F-6D47-45FC-9802-A39AF0507BB5}.Release|Win32.Build.0 = Release|Win32
		{924B750F-6D47-45FC-9802-A39AF0507BB5}.Release|x64.ActiveCfg = Release|x64
		{924B750F-6D47-45FC-9802-A39AF0507BB5}.Release|x64.Build.0 = Release|x64
		{924B750F-6D47-45FC-9802-A39AF0507BB5}.VLD|Mixed Platforms.ActiveCfg = Release|Win32
		{924B750F-6D47-45FC-9802-A39AF0507BB5}.VLD|Mixed Platforms.Build.0 = Release|Win32
		{924B750F-6D47-45FC-9802-A39AF0507BB5}.VLD|Win32.ActiveCfg = Release|Win32
		{924B750F-6D47-45FC-9802-A39AF0507BB5}.VLD|Win32.Build.0 = Release|Win32
		{924B750F-6D47-45FC-9802-A39AF0507BB5}.VLD|x64.ActiveCfg = VLD|x64
		{924B750F-6D47-45FC-9802-A39AF0507BB5}.VLD|x64.Build.0 = VLD|x64
		{3440AF0A-861F-4782-9CE6-A946128A9E4A}.Debug|Mixed Platforms.ActiveCfg = Debug|Win32
		{3440AF0A-861F-4782-9CE6-A946128A9E4A}.Debug|Mixed Platforms.Build.0 = Debug|Win32
		{3440AF0A-861F-4782-9CE6-A946128A9E4A}.Debug|Win32.ActiveCfg = Debug|Win32
		{3440AF0A-861F-4782-9CE6-A946128A9E4A}.Debug|Win32.Build.0 = Debug|Win32
		{3440AF0A-861F-4782-9CE6-A946128A9E4A}.Debug|x64.ActiveCfg = Debug|x64
		{3440AF0A-861F-4782-9CE6-A946128A9E4A}.Debug|x64.Build.0 = Debug|x64
		{3440AF0A-861F-4782-9CE6-A946128A9E4A}.Release|Mixed Platforms.ActiveCfg = Release|Win32
		{3440AF0A-861F-4782-9CE6-A946128A9E4A}.Release|Mixed Platforms.Build.0 = Release|Win32
		{3440AF0A-861F-4782-9CE6-A946128A9E4A}.Release|Win32.ActiveCfg = Release|Win32
		{3440AF0A-861F-4782-9CE6-A946128A9E4A}.Release|Win32.Build.0 = Release|Win32
		{3440AF0A-861F-4782-9CE6-A946128A9E4A}.Release|x64.ActiveCfg = Release|x64
		{3440AF0A-861F-4782-9CE6-A946128A9E4A}.Release|x64.Build.0 = Release|x64
		{3440AF0A-861F-4782-9CE6-A946128A9E4A}.VLD|Mixed Platforms.ActiveCfg = VLD|Win32
		{3440AF0A-861F-4782-9CE6-A946128A9E4A}.VLD|Mixed Platforms.Build.0 = VLD|Win32
		{3440AF0A-861F-4782-9CE6-A946128A9E4A}.VLD|Win32.ActiveCfg = VLD|Win32
		{3440AF0A-861F-4782-9CE6-A946128A9E4A}.VLD|Win32.Build.0 = VLD|Win32
		{3440AF0A-861F-4782-9CE6-A946128A9E4A}.VLD|x64.ActiveCfg = VLD|x64
		{3440AF0A-861F-4782-9CE6-A946128A9E4A}.VLD|x64.Build.0 = VLD|x64
		{4ECBB1DC-4564-4863-B315-698390AF07A0}.Debug|Mixed Platforms.ActiveCfg = Debug|Win32
		{4ECBB1DC-4564-4863-B315-698390AF07A0}.Debug|Mixed Platforms.Build.0 = Debug|Win32
		{4ECBB1DC-4564-4863-B315-698390AF07A0}.Debug|Win32.ActiveCfg = Debug|Win32
		{4ECBB1DC-4564-4863-B315-698390AF07A0}.Debug|Win32.Build.0 = Debug|Win32
		{4ECBB1DC-4564-4863-B315-698390AF07A0}.Debug|x64.ActiveCfg = Debug|x64
		{4ECBB1DC-4564-4863-B315-698390AF07A0}.Debug|x64.Build.0 = Debug|x64
		{4ECBB1DC-4564-4863-B315-698390AF07A0}.Release|Mixed Platforms.ActiveCfg = Release|Win32
		{4ECBB1DC-4564-4863-B315-698390AF07A0}.Release|Mixed Platforms.Build.0 = Release|Win32
		{4ECBB1DC-4564-4863-B315-698390AF07A0}.Release|Win32.ActiveCfg = Release|Win32
		{4ECBB1DC-4564-4863-B315-698390AF07A0}.Release|Win32.Build.0 = Release|Win32
		{4ECBB1DC-4564-4863-B315-698390AF07A0}.Release|x64.ActiveCfg = Release|x64
		{4ECBB1DC-4564-4863-B315-698390AF07A0}.Release|x64.Build.0 = Release|x64
		{4ECBB1DC-4564-4863-B315-698390AF07A0}.VLD|Mixed Platforms.ActiveCfg = Release|Win32
		{4ECBB1DC-4564-4863-B315-698390AF07A0}.VLD|Mixed Platforms.Build.0 = Release|Win32
		{4ECBB1DC-4564-4863-B315-698390AF07A0}.VLD|Win32.ActiveCfg = Release|Win32
		{4ECBB1DC-4564-4863-B315-698390AF07A0}.VLD|Win32.Build.0 = Release|Win32
		{4ECBB1DC-4564-4863-B315-698390AF07A0}.VLD|x64.ActiveCfg = Release|x64
		{4ECBB1DC-4564-4863-B315-698390AF07A0}.VLD|x64.Build.0 = Release|x64
		{368B006E-963A-4AB5-B29B-FAF988FE80EA}.Debug|Mixed Platforms.ActiveCfg = Debug|Win32
		{368B006E-963A-4AB5-B29B-FAF988FE80EA}.Debug|Mixed Platforms.Build.0 = Debug|Win32
		{368B006E-963A-4AB5-B29B-FAF988FE80EA}.Debug|Win32.ActiveCfg = Debug|Win32
		{368B006E-963A-4AB5-B29B-FAF988FE80EA}.Debug|Win32.Build.0 = Debug|Win32
		{368B006E-963A-4AB5-B29B-FAF988FE80EA}.Debug|x64.ActiveCfg = Debug|x64
		{368B006E-963A-4AB5-B29B-FAF988FE80EA}.Debug|x64.Build.0 = Debug|x64
		{368B006E-963A-4AB5-B29B-FAF988FE80EA}.Release|Mixed Platforms.ActiveCfg = Release|Win32
		{368B006E-963A-4AB5-B29B-FAF988FE80EA}.Release|Mixed Platforms.Build.0 = Release|Win32
		{368B006E-963A-4AB5-B29B-FAF988FE80EA}.Release|Win32.ActiveCfg = Release|Win32
		{368B006E-963A-4AB5-B29B-FAF988FE80EA}.Release|Win32.Build.0 = Release|Win32
		{368B006E-963A-4AB5-B29B-FAF988FE80EA}.Release|x64.ActiveCfg = Release|x64
		{368B006E-963A-4AB5-B29B-FAF988FE80EA}.Release|x64.Build.0 = Release|x64
		{368B006E-963A-4AB5-B29B-FAF988FE80EA}.VLD|Mixed Platforms.ActiveCfg = Release|Win32
		{368B006E-963A-4AB5-B29B-FAF988FE80EA}.VLD|Mixed Platforms.Build.0 = Release|Win32
		{368B006E-963A-4AB5-B29B-FAF988FE80EA}.VLD|Win32.ActiveCfg = Release|Win32
		{368B006E-963A-4AB5-B29B-FAF988FE80EA}.VLD|Win32.Build.0 = Release|Win32
		{368B006E-963A-4AB5-B29B-FAF988FE80EA}.VLD|x64.ActiveCfg = Release|x64
		{368B006E-963A-4AB5-B29B-FAF988FE80EA}.VLD|x64.Build.0 = Release|x64
		{61183DE9-6DD0-46A5-BEB0-81E6E5C6044C}.Debug|Mixed Platforms.ActiveCfg = Debug|Win32
		{61183DE9-6DD0-46A5-BEB0-81E6E5C6044C}.Debug|Mixed Platforms.Build.0 = Debug|Win32
		{61183DE9-6DD0-46A5-BEB0-81E6E5C6044C}.Debug|Win32.ActiveCfg = Debug|Win32
		{61183DE9-6DD0-46A5-BEB0-81E6E5C6044C}.Debug|Win32.Build.0 = Debug|Win32
		{61183DE9-6DD0-46A5-BEB0-81E6E5C6044C}.Debug|x64.ActiveCfg = Debug|x64
		{61183DE9-6DD0-46A5-BEB0-81E6E5C6044C}.Debug|x64.Build.0 = Debug|x64
		{61183DE9-6DD0-46A5-BEB0-81E6E5C6044C}.Release|Mixed Platforms.ActiveCfg = Release|Win32
		{61183DE9-6DD0-46A5-BEB0-81E6E5C6044C}.Release|Mixed Platforms.Build.0 = Release|Win32
		{61183DE9-6DD0-46A5-BEB0-81E6E5C6044C}.Release|Win32.ActiveCfg = Release|Win32
		{61183DE9-6DD0-46A5-BEB0-81E6E5C6044C}.Release|Win32.Build.0 = Release|Win32
		{61183DE9-6DD0-46A5-BEB0-81E6E5C6044C}.Release|x64.ActiveCfg = Release|x64
		{61183DE9-6DD0-46A5-BEB0-81E6E5C6044C}.Release|x64.Build.0 = Release|x64
		{61183DE9-6DD0-46A5-BEB0-81E6E5C6044C}.VLD|Mixed Platforms.ActiveCfg = Release|Win32
		{61183DE9-6DD0-46A5-BEB0-81E6E5C6044C}.VLD|Mixed Platforms.Build.0 = Release|Win32
		{61183DE9-6DD0-46A5-BEB0-81E6E5C6044C}.VLD|Win32.ActiveCfg = Release|Win32
		{61183DE9-6DD0-46A5-BEB0-81E6E5C6044C}.VLD|Win32.Build.0 = Release|Win32
		{61183DE9-6DD0-46A5-BEB0-81E6E5C6044C}.VLD|x64.ActiveCfg = Release|x64
		{61183DE9-6DD0-46A5-BEB0-81E6E5C6044C}.VLD|x64.Build.0 = Release|x64
		{D62E727D-D300-4022-B246-60F9D85A753C}.Debug|Mixed Platforms.ActiveCfg = Debug|Win32
		{D62E727D-D300-4022-B246-60F9D85A753C}.Debug|Mixed Platforms.Build.0 = Debug|Win32
		{D62E727D-D300-4022-B246-60F9D85A753C}.Debug|Win32.ActiveCfg = Debug|Win32
		{D62E727D-D300-4022-B246-60F9D85A753C}.Debug|Win32.Build.0 = Debug|Win32
		{D62E727D-D300-4022-B246-60F9D85A753C}.Debug|x64.ActiveCfg = Debug|x64
		{D62E727D-D300-4022-B246-60F9D85A753C}.Debug|x64.Build.0 = Debug|x64
		{D62E727D-D300-4022-B246-60F9D85A753C}.Release|Mixed Platforms.ActiveCfg = Release|Win32
		{D62E727D-D300-4022-B246-60F9D85A753C}.Release|Mixed Platforms.Build.0 = Release|Win32
		{D62E727D-D300-4022-B246-60F9D85A753C}.Release|Win32.ActiveCfg = Release|Win32
		{D62E727D-D300-4022-B246-60F9D85A753C}.Release|Win32.Build.0 = Release|Win32
		{D62E727D-D300-4022-B246-60F9D85A753C}.Release|x64.ActiveCfg = Release|x64
		{D62E727D-D300-4022-B246-60F9D85A753C}.Release|x64.Build.0 = Release|x64
		{D62E727D-D300-4022-B246-60F9D85A753C}.VLD|Mixed Platforms.ActiveCfg = Release|Win32
		{D62E727D-D300-4022-B246-60F9D85A753C}.VLD|Mixed Platforms.Build.0 = Release|Win32
		{D62E727D-D300-4022-B246-60F9D85A753C}.VLD|Win32.ActiveCfg = Release|Win32
		{D62E727D-D300-4022-B246-60F9D85A753C}.VLD|Win32.Build.0 = Release|Win32
		{D62E727D-D300-4022-B246-60F9D85A753C}.VLD|x64.ActiveCfg = Release|x64
		{D62E727D-D300-4022-B246-60F9D85A753C}.VLD|x64.Build.0 = Release|x64
		{ADCA4563-DA63-4670-9684-7C0271A31F85}.Debug|Mixed Platforms.ActiveCfg = Debug|Win32
		{ADCA4563-DA63-4670-9684-7C0271A31F85}.Debug|Mixed Platforms.Build.0 = Debug|Win32
		{ADCA4563-DA63-4670-9684-7C0271A31F85}.Debug|Win32.ActiveCfg = Debug|Win32
		{ADCA4563-DA63-4670-9684-7C0271A31F85}.Debug|Win32.Build.0 = Debug|Win32
		{ADCA4563-DA63-4670-9684-7C0271A31F85}.Debug|x64.ActiveCfg = Debug|x64
		{ADCA4563-DA63-4670-9684-7C0271A31F85}.Debug|x64.Build.0 = Debug|x64
		{ADCA4563-DA63-4670-9684-7C0271A31F85}.Release|Mixed Platforms.ActiveCfg = Release|Win32
		{ADCA4563-DA63-4670-9684-7C0271A31F85}.Release|Mixed Platforms.Build.0 = Release|Win32
		{ADCA4563-DA63-4670-9684-7C0271A31F85}.Release|Win32.ActiveCfg = Release|Win32
		{ADCA4563-DA63-4670-9684-7C0271A31F85}.Release|Win32.Build.0 = Release|Win32
		{ADCA4563-DA63-4670-9684-7C0271A31F85}.Release|x64.ActiveCfg = Release|x64
		{ADCA4563-DA63-4670-9684-7C0271A31F85}.Release|x64.Build.0 = Release|x64
		{ADCA4563-DA63-4670-9684-7C0271A31F85}.VLD|Mixed Platforms.ActiveCfg = Release|Win32
		{ADCA4563-DA63-4670-9684-7C0271A31F85}.VLD|Mixed Platforms.Build.0 = Release|Win32
		{ADCA4563-DA63-4670-9684-7C0271A31F85}.VLD|Win32.ActiveCfg = Release|Win32
		{ADCA4563-DA63-4670-9684-7C0271A31F85}.VLD|Win32.Build.0 = Release|Win32
		{ADCA4563-DA63-4670-9684-7C0271A31F85}.VLD|x64.ActiveCfg = Release|x64
		{ADCA4563-DA63-4670-9684-7C0271A31F85}.VLD|x64.Build.0 = Release|x64
		{DD71241F-F922-408E-8EA2-80D5D01CE58E}.Debug|Mixed Platforms.ActiveCfg = Debug|Win32
		{DD71241F-F922-408E-8EA2-80D5D01CE58E}.Debug|Mixed Platforms.Build.0 = Debug|Win32
		{DD71241F-F922-408E-8EA2-80D5D01CE58E}.Debug|Win32.ActiveCfg = Debug|Win32
		{DD71241F-F922-408E-8EA2-80D5D01CE58E}.Debug|Win32.Build.0 = Debug|Win32
		{DD71241F-F922-408E-8EA2-80D5D01CE58E}.Debug|x64.ActiveCfg = Debug|x64
		{DD71241F-F922-408E-8EA2-80D5D01CE58E}.Debug|x64.Build.0 = Debug|x64
		{DD71241F-F922-408E-8EA2-80D5D01CE58E}.Release|Mixed Platforms.ActiveCfg = Release|Win32
		{DD71241F-F922-408E-8EA2-80D5D01CE58E}.Release|Mixed Platforms.Build.0 = Release|Win32
		{DD71241F-F922-408E-8EA2-80D5D01CE58E}.Release|Win32.ActiveCfg = Release|Win32
		{DD71241F-F922-408E-8EA2-80D5D01CE58E}.Release|Win32.Build.0 = Release|Win32
		{DD71241F-F922-408E-8EA2-80D5D01CE58E}.Release|x64.ActiveCfg = Release|x64
		{DD71241F-F922-408E-8EA2-80D5D01CE58E}.Release|x64.Build.0 = Release|x64
		{DD71241F-F922-408E-8EA2-80D5D01CE58E}.VLD|Mixed Platforms.ActiveCfg = Release|Win32
		{DD71241F-F922-408E-8EA2-80D5D01CE58E}.VLD|Mixed Platforms.Build.0 = Release|Win32
		{DD71241F-F922-408E-8EA2-80D5D01CE58E}.VLD|Win32.ActiveCfg = Release|Win32
		{DD71241F-F922-408E-8EA2-80D5D01CE58E}.VLD|Win32.Build.0 = Release|Win32
		{DD71241F-F922-408E-8EA2-80D5D01CE58E}.VLD|x64.ActiveCfg = Release|x64
		{DD71241F-F922-408E-8EA2-80D5D01CE58E}.VLD|x64.Build.0 = Release|x64
		{9A89168F-D903-4FC1-9950-B09DB82A06B5}.Debug|Mixed Platforms.ActiveCfg = Debug|Win32
		{9A89168F-D903-4FC1-9950-B09DB82A06B5}.Debug|Mixed Platforms.Build.0 = Debug|Win32
		{9A89168F-D903-4FC1-9950-B09DB82A06B5}.Debug|Win32.ActiveCfg = Debug|Win32
		{9A89168F-D903-4FC1-9950-B09DB82A06B5}.Debug|Win32.Build.0 = Debug|Win32
		{9A89168F-D903-4FC1-9950-B09DB82A06B5}.Debug|x64.ActiveCfg = Debug|x64
		{9A89168F-D903-4FC1-9950-B09DB82A06B5}.Debug|x64.Build.0 = Debug|x64
		{9A89168F-D903-4FC1-9950-B09DB82A06B5}.Release|Mixed Platforms.ActiveCfg = Release|Win32
		{9A89168F-D903-4FC1-9950-B09DB82A06B5}.Release|Mixed Platforms.Build.0 = Release|Win32
		{9A89168F-D903-4FC1-9950-B09DB82A06B5}.Release|Win32.ActiveCfg = Release|Win32
		{9A89168F-D903-4FC1-9950-B09DB82A06B5}.Release|Win32.Build.0 = Release|Win32
		{9A89168F-D903-4FC1-9950-B09DB82A06B5}.Release|x64.ActiveCfg = Release|x64
		{9A89168F-D903-4FC1-9950-B09DB82A06B5}.Release|x64.Build.0 = Release|x64
		{9A89168F-D903-4FC1-9950-B09DB82A06B5}.VLD|Mixed Platforms.ActiveCfg = Release|Win32
		{9A89168F-D903-4FC1-9950-B09DB82A06B5}.VLD|Mixed Platforms.Build.0 = Release|Win32
		{9A89168F-D903-4FC1-9950-B09DB82A06B5}.VLD|Win32.ActiveCfg = Release|Win32
		{9A89168F-D903-4FC1-9950-B09DB82A06B5}.VLD|Win32.Build.0 = Release|Win32
		{9A89168F-D903-4FC1-9950-B09DB82A06B5}.VLD|x64.ActiveCfg = Release|x64
		{9A89168F-D903-4FC1-9950-B09DB82A06B5}.VLD|x64.Build.0 = Release|x64
	EndGlobalSection
	GlobalSection(SolutionProperties) = preSolution
		HideSolutionNode = FALSE
	EndGlobalSection
	GlobalSection(ExtensibilityGlobals) = postSolution
		SolutionGuid = {10DBEEC9-5B2F-40DF-93CD-94C2BD62D73C}
	EndGlobalSection
EndGlobal
