
Microsoft Visual Studio Solution File, Format Version 12.00
# Visual Studio 15
VisualStudioVersion = 15.0.27703.2035
MinimumVisualStudioVersion = 10.0.40219.1
Project("{8BC9CEB8-8B4A-11D0-8D11-00A0C91BC942}") = "AceFilter", "AceFilterCore\AceFilter.vcxproj", "{9B9BA8D9-9BD6-41A2-88AC-9FC391C21E4E}"
EndProject
Project("{2150E333-8FDC-42A3-9474-1A3956D46DE8}") = "AceFilterPlugins", "AceFilterPlugins", "{780ABFE2-D0EA-4557-83A3-F6240A527C0D}"
EndProject
Project("{2150E333-8FDC-42A3-9474-1A3956D46DE8}") = "Importers", "Importers", "{F7C11AF6-9C00-4FED-934F-644005C4BA61}"
EndProject
Project("{2150E333-8FDC-42A3-9474-1A3956D46DE8}") = "Filters", "Filters", "{E2283EDD-CAEB-47A6-AC58-705C5293DB85}"
EndProject
Project("{2150E333-8FDC-42A3-9474-1A3956D46DE8}") = "Writers", "Writers", "{1D6E1AE1-1AEB-49CD-B4A4-4CC9448523A1}"
EndProject
Project("{8BC9CEB8-8B4A-11D0-8D11-00A0C91BC942}") = "MasterSlaveRelation", "AceFilterPlugins\Writers\MasterSlaveRelation\MasterSlaveRelation.vcxproj", "{0766E7E9-36D8-4894-BCBD-44418910B486}"
EndProject
Project("{8BC9CEB8-8B4A-11D0-8D11-00A0C91BC942}") = "ControlAd", "AceFilterPlugins\Filters\ControlAd\ControlAd.vcxproj", "{C58919D2-57B6-4B4E-AA15-7DC17DC76B52}"
EndProject
Project("{8BC9CEB8-8B4A-11D0-8D11-00A0C91BC942}") = "Inherited", "AceFilterPlugins\Filters\Inherited\Inherited.vcxproj", "{F45250B3-A5C1-420D-8269-048A34E7A3EB}"
EndProject
Project("{8BC9CEB8-8B4A-11D0-8D11-00A0C91BC942}") = "DefaultSd", "AceFilterPlugins\Filters\DefaultSd\DefaultSd.vcxproj", "{C46B9673-33F5-47D2-B314-AE7008A8AF14}"
EndProject
Project("{2150E333-8FDC-42A3-9474-1A3956D46DE8}") = "Simple", "Simple", "{2882E032-2A85-41C6-B00C-7BE4DACB5FB4}"
EndProject
Project("{2150E333-8FDC-42A3-9474-1A3956D46DE8}") = "Complex", "Complex", "{8D1CEB1F-AEA7-4642-9003-AE5ED08640EE}"
EndProject
Project("{8BC9CEB8-8B4A-11D0-8D11-00A0C91BC942}") = "AceType", "AceFilterPlugins\Filters\AceType\AceType.vcxproj", "{676DCDEC-9020-4D7E-B9B6-BA5B6F19A605}"
EndProject
Project("{8BC9CEB8-8B4A-11D0-8D11-00A0C91BC942}") = "ObjectType", "AceFilterPlugins\Filters\ObjectType\ObjectType.vcxproj", "{288F8563-C758-4E24-BDE2-A4E483402576}"
EndProject
Project("{8BC9CEB8-8B4A-11D0-8D11-00A0C91BC942}") = "InheritedObjectType", "AceFilterPlugins\Filters\InheritedObjectType\InheritedObjectType.vcxproj", "{438D8E21-2E8B-40BA-A419-D95E31490928}"
EndProject
Project("{8BC9CEB8-8B4A-11D0-8D11-00A0C91BC942}") = "Trustee", "AceFilterPlugins\Filters\Trustee\Trustee.vcxproj", "{D15F102C-5EAF-4D74-BF18-157AE748281B}"
EndProject
Project("{8BC9CEB8-8B4A-11D0-8D11-00A0C91BC942}") = "Object", "AceFilterPlugins\Filters\Object\Object.vcxproj", "{44D45351-3900-43BF-82A7-58014B931B0B}"
EndProject
Project("{8BC9CEB8-8B4A-11D0-8D11-00A0C91BC942}") = "AceMask", "AceFilterPlugins\Filters\AceMask\AceMask.vcxproj", "{E6179687-69C0-47A9-A7B2-F57BBE328DFE}"
EndProject
Project("{8BC9CEB8-8B4A-11D0-8D11-00A0C91BC942}") = "AdmSdHolder", "AceFilterPlugins\Filters\AdmSdHolder\AdmSdHolder.vcxproj", "{E81BF999-2701-4718-B723-D9492040F36E}"
EndProject
Project("{2150E333-8FDC-42A3-9474-1A3956D46DE8}") = "AceFilterCore", "AceFilterCore", "{3F048A32-E0DD-41BD-8532-D3F1D10EFB66}"
EndProject
Project("{8BC9CEB8-8B4A-11D0-8D11-00A0C91BC942}") = "FullyResolved", "AceFilterPlugins\Writers\FullyResolved\FullyResolved.vcxproj", "{50155DD8-2816-4175-8DBB-88FF0BC29BEF}"
EndProject
Project("{8BC9CEB8-8B4A-11D0-8D11-00A0C91BC942}") = "LdapDump", "AceFilterPlugins\Importers\LdapDump\LdapDump.vcxproj", "{7D4A173D-FA68-456B-91F1-F79442F78FA8}"
EndProject
Project("{8BC9CEB8-8B4A-11D0-8D11-00A0C91BC942}") = "ControlFs", "AceFilterPlugins\Filters\ControlFs\ControlFs.vcxproj", "{FB366FF9-188A-40C4-9367-CF11B84B735D}"
EndProject
Project("{8BC9CEB8-8B4A-11D0-8D11-00A0C91BC942}") = "Sysvol", "AceFilterPlugins\Importers\Sysvol\Sysvol.vcxproj", "{6921F8C7-EA6E-4D09-8114-D2F6E43A3B21}"
EndProject
Project("{8BC9CEB8-8B4A-11D0-8D11-00A0C91BC942}") = "ControlMbx", "AceFilterPlugins\Filters\ControlMbx\ControlMbx.vcxproj", "{D703D91E-9160-47BA-B53F-60CCD4801654}"
EndProject
Project("{8BC9CEB8-8B4A-11D0-8D11-00A0C91BC942}") = "MasterMailboxRelation", "AceFilterPlugins\Writers\MasterMailboxRelation\MasterMailboxRelation.vcxproj", "{F6F1AB1F-FB19-44F3-AA31-757D98E484C9}"
EndProject
Project("{8BC9CEB8-8B4A-11D0-8D11-00A0C91BC942}") = "MapiFolder", "AceFilterPlugins\Filters\MapiFolder\MapiFolder.vcxproj", "{76F683E8-9861-4F56-9E3F-72FA0FEEC782}"
EndProject
Global
	GlobalSection(SolutionConfigurationPlatforms) = preSolution
		Debug|Mixed Platforms = Debug|Mixed Platforms
		Debug|Win32 = Debug|Win32
		Debug|x64 = Debug|x64
		Release|Mixed Platforms = Release|Mixed Platforms
		Release|Win32 = Release|Win32
		Release|x64 = Release|x64
		VLD|Mixed Platforms = VLD|Mixed Platforms
		VLD|Win32 = VLD|Win32
		VLD|x64 = VLD|x64
	EndGlobalSection
	GlobalSection(ProjectConfigurationPlatforms) = postSolution
		{9B9BA8D9-9BD6-41A2-88AC-9FC391C21E4E}.Debug|Mixed Platforms.ActiveCfg = Debug|x64
		{9B9BA8D9-9BD6-41A2-88AC-9FC391C21E4E}.Debug|Mixed Platforms.Build.0 = Debug|x64
		{9B9BA8D9-9BD6-41A2-88AC-9FC391C21E4E}.Debug|Win32.ActiveCfg = Debug|Win32
		{9B9BA8D9-9BD6-41A2-88AC-9FC391C21E4E}.Debug|Win32.Build.0 = Debug|Win32
		{9B9BA8D9-9BD6-41A2-88AC-9FC391C21E4E}.Debug|x64.ActiveCfg = Debug|x64
		{9B9BA8D9-9BD6-41A2-88AC-9FC391C21E4E}.Debug|x64.Build.0 = Debug|x64
		{9B9BA8D9-9BD6-41A2-88AC-9FC391C21E4E}.Release|Mixed Platforms.ActiveCfg = Release|x64
		{9B9BA8D9-9BD6-41A2-88AC-9FC391C21E4E}.Release|Mixed Platforms.Build.0 = Release|x64
		{9B9BA8D9-9BD6-41A2-88AC-9FC391C21E4E}.Release|Win32.ActiveCfg = Release|Win32
		{9B9BA8D9-9BD6-41A2-88AC-9FC391C21E4E}.Release|Win32.Build.0 = Release|Win32
		{9B9BA8D9-9BD6-41A2-88AC-9FC391C21E4E}.Release|x64.ActiveCfg = Release|x64
		{9B9BA8D9-9BD6-41A2-88AC-9FC391C21E4E}.Release|x64.Build.0 = Release|x64
		{9B9BA8D9-9BD6-41A2-88AC-9FC391C21E4E}.VLD|Mixed Platforms.ActiveCfg = VLD|x64
		{9B9BA8D9-9BD6-41A2-88AC-9FC391C21E4E}.VLD|Mixed Platforms.Build.0 = VLD|x64
		{9B9BA8D9-9BD6-41A2-88AC-9FC391C21E4E}.VLD|Win32.ActiveCfg = VLD|Win32
		{9B9BA8D9-9BD6-41A2-88AC-9FC391C21E4E}.VLD|Win32.Build.0 = VLD|Win32
		{9B9BA8D9-9BD6-41A2-88AC-9FC391C21E4E}.VLD|x64.ActiveCfg = VLD|x64
		{9B9BA8D9-9BD6-41A2-88AC-9FC391C21E4E}.VLD|x64.Build.0 = VLD|x64
		{0766E7E9-36D8-4894-BCBD-44418910B486}.Debug|Mixed Platforms.ActiveCfg = Debug|x64
		{0766E7E9-36D8-4894-BCBD-44418910B486}.Debug|Mixed Platforms.Build.0 = Debug|x64
		{0766E7E9-36D8-4894-BCBD-44418910B486}.Debug|Win32.ActiveCfg = Debug|Win32
		{0766E7E9-36D8-4894-BCBD-44418910B486}.Debug|Win32.Build.0 = Debug|Win32
		{0766E7E9-36D8-4894-BCBD-44418910B486}.Debug|x64.ActiveCfg = Debug|x64
		{0766E7E9-36D8-4894-BCBD-44418910B486}.Debug|x64.Build.0 = Debug|x64
		{0766E7E9-36D8-4894-BCBD-44418910B486}.Release|Mixed Platforms.ActiveCfg = Release|x64
		{0766E7E9-36D8-4894-BCBD-44418910B486}.Release|Mixed Platforms.Build.0 = Release|x64
		{0766E7E9-36D8-4894-BCBD-44418910B486}.Release|Win32.ActiveCfg = Release|Win32
		{0766E7E9-36D8-4894-BCBD-44418910B486}.Release|Win32.Build.0 = Release|Win32
		{0766E7E9-36D8-4894-BCBD-44418910B486}.Release|x64.ActiveCfg = Release|x64
		{0766E7E9-36D8-4894-BCBD-44418910B486}.Release|x64.Build.0 = Release|x64
		{0766E7E9-36D8-4894-BCBD-44418910B486}.VLD|Mixed Platforms.ActiveCfg = VLD|x64
		{0766E7E9-36D8-4894-BCBD-44418910B486}.VLD|Mixed Platforms.Build.0 = VLD|x64
		{0766E7E9-36D8-4894-BCBD-44418910B486}.VLD|Win32.ActiveCfg = VLD|Win32
		{0766E7E9-36D8-4894-BCBD-44418910B486}.VLD|Win32.Build.0 = VLD|Win32
		{0766E7E9-36D8-4894-BCBD-44418910B486}.VLD|x64.ActiveCfg = VLD|x64
		{0766E7E9-36D8-4894-BCBD-44418910B486}.VLD|x64.Build.0 = VLD|x64
		{C58919D2-57B6-4B4E-AA15-7DC17DC76B52}.Debug|Mixed Platforms.ActiveCfg = Debug|x64
		{C58919D2-57B6-4B4E-AA15-7DC17DC76B52}.Debug|Mixed Platforms.Build.0 = Debug|x64
		{C58919D2-57B6-4B4E-AA15-7DC17DC76B52}.Debug|Win32.ActiveCfg = Debug|Win32
		{C58919D2-57B6-4B4E-AA15-7DC17DC76B52}.Debug|Win32.Build.0 = Debug|Win32
		{C58919D2-57B6-4B4E-AA15-7DC17DC76B52}.Debug|x64.ActiveCfg = Debug|x64
		{C58919D2-57B6-4B4E-AA15-7DC17DC76B52}.Debug|x64.Build.0 = Debug|x64
		{C58919D2-57B6-4B4E-AA15-7DC17DC76B52}.Release|Mixed Platforms.ActiveCfg = Release|x64
		{C58919D2-57B6-4B4E-AA15-7DC17DC76B52}.Release|Mixed Platforms.Build.0 = Release|x64
		{C58919D2-57B6-4B4E-AA15-7DC17DC76B52}.Release|Win32.ActiveCfg = Release|Win32
		{C58919D2-57B6-4B4E-AA15-7DC17DC76B52}.Release|Win32.Build.0 = Release|Win32
		{C58919D2-57B6-4B4E-AA15-7DC17DC76B52}.Release|x64.ActiveCfg = Release|x64
		{C58919D2-57B6-4B4E-AA15-7DC17DC76B52}.Release|x64.Build.0 = Release|x64
		{C58919D2-57B6-4B4E-AA15-7DC17DC76B52}.VLD|Mixed Platforms.ActiveCfg = VLD|x64
		{C58919D2-57B6-4B4E-AA15-7DC17DC76B52}.VLD|Mixed Platforms.Build.0 = VLD|x64
		{C58919D2-57B6-4B4E-AA15-7DC17DC76B52}.VLD|Win32.ActiveCfg = VLD|Win32
		{C58919D2-57B6-4B4E-AA15-7DC17DC76B52}.VLD|Win32.Build.0 = VLD|Win32
		{C58919D2-57B6-4B4E-AA15-7DC17DC76B52}.VLD|x64.ActiveCfg = VLD|x64
		{C58919D2-57B6-4B4E-AA15-7DC17DC76B52}.VLD|x64.Build.0 = VLD|x64
		{F45250B3-A5C1-420D-8269-048A34E7A3EB}.Debug|Mixed Platforms.ActiveCfg = Debug|x64
		{F45250B3-A5C1-420D-8269-048A34E7A3EB}.Debug|Mixed Platforms.Build.0 = Debug|x64
		{F45250B3-A5C1-420D-8269-048A34E7A3EB}.Debug|Win32.ActiveCfg = Debug|Win32
		{F45250B3-A5C1-420D-8269-048A34E7A3EB}.Debug|Win32.Build.0 = Debug|Win32
		{F45250B3-A5C1-420D-8269-048A34E7A3EB}.Debug|x64.ActiveCfg = Debug|x64
		{F45250B3-A5C1-420D-8269-048A34E7A3EB}.Debug|x64.Build.0 = Debug|x64
		{F45250B3-A5C1-420D-8269-048A34E7A3EB}.Release|Mixed Platforms.ActiveCfg = Release|x64
		{F45250B3-A5C1-420D-8269-048A34E7A3EB}.Release|Mixed Platforms.Build.0 = Release|x64
		{F45250B3-A5C1-420D-8269-048A34E7A3EB}.Release|Win32.ActiveCfg = Release|Win32
		{F45250B3-A5C1-420D-8269-048A34E7A3EB}.Release|Win32.Build.0 = Release|Win32
		{F45250B3-A5C1-420D-8269-048A34E7A3EB}.Release|x64.ActiveCfg = Release|x64
		{F45250B3-A5C1-420D-8269-048A34E7A3EB}.Release|x64.Build.0 = Release|x64
		{F45250B3-A5C1-420D-8269-048A34E7A3EB}.VLD|Mixed Platforms.ActiveCfg = VLD|x64
		{F45250B3-A5C1-420D-8269-048A34E7A3EB}.VLD|Mixed Platforms.Build.0 = VLD|x64
		{F45250B3-A5C1-420D-8269-048A34E7A3EB}.VLD|Win32.ActiveCfg = VLD|Win32
		{F45250B3-A5C1-420D-8269-048A34E7A3EB}.VLD|Win32.Build.0 = VLD|Win32
		{F45250B3-A5C1-420D-8269-048A34E7A3EB}.VLD|x64.ActiveCfg = VLD|x64
		{F45250B3-A5C1-420D-8269-048A34E7A3EB}.VLD|x64.Build.0 = VLD|x64
		{C46B9673-33F5-47D2-B314-AE7008A8AF14}.Debug|Mixed Platforms.ActiveCfg = Debug|x64
		{C46B9673-33F5-47D2-B314-AE7008A8AF14}.Debug|Mixed Platforms.Build.0 = Debug|x64
		{C46B9673-33F5-47D2-B314-AE7008A8AF14}.Debug|Win32.ActiveCfg = Debug|Win32
		{C46B9673-33F5-47D2-B314-AE7008A8AF14}.Debug|Win32.Build.0 = Debug|Win32
		{C46B9673-33F5-47D2-B314-AE7008A8AF14}.Debug|x64.ActiveCfg = Debug|x64
		{C46B9673-33F5-47D2-B314-AE7008A8AF14}.Debug|x64.Build.0 = Debug|x64
		{C46B9673-33F5-47D2-B314-AE7008A8AF14}.Release|Mixed Platforms.ActiveCfg = Release|x64
		{C46B9673-33F5-47D2-B314-AE7008A8AF14}.Release|Mixed Platforms.Build.0 = Release|x64
		{C46B9673-33F5-47D2-B314-AE7008A8AF14}.Release|Win32.ActiveCfg = Release|Win32
		{C46B9673-33F5-47D2-B314-AE7008A8AF14}.Release|Win32.Build.0 = Release|Win32
		{C46B9673-33F5-47D2-B314-AE7008A8AF14}.Release|x64.ActiveCfg = Release|x64
		{C46B9673-33F5-47D2-B314-AE7008A8AF14}.Release|x64.Build.0 = Release|x64
		{C46B9673-33F5-47D2-B314-AE7008A8AF14}.VLD|Mixed Platforms.ActiveCfg = VLD|x64
		{C46B9673-33F5-47D2-B314-AE7008A8AF14}.VLD|Mixed Platforms.Build.0 = VLD|x64
		{C46B9673-33F5-47D2-B314-AE7008A8AF14}.VLD|Win32.ActiveCfg = VLD|Win32
		{C46B9673-33F5-47D2-B314-AE7008A8AF14}.VLD|Win32.Build.0 = VLD|Win32
		{C46B9673-33F5-47D2-B314-AE7008A8AF14}.VLD|x64.ActiveCfg = VLD|x64
		{C46B9673-33F5-47D2-B314-AE7008A8AF14}.VLD|x64.Build.0 = VLD|x64
		{676DCDEC-9020-4D7E-B9B6-BA5B6F19A605}.Debug|Mixed Platforms.ActiveCfg = Debug|x64
		{676DCDEC-9020-4D7E-B9B6-BA5B6F19A605}.Debug|Mixed Platforms.Build.0 = Debug|x64
		{676DCDEC-9020-4D7E-B9B6-BA5B6F19A605}.Debug|Win32.ActiveCfg = Debug|Win32
		{676DCDEC-9020-4D7E-B9B6-BA5B6F19A605}.Debug|Win32.Build.0 = Debug|Win32
		{676DCDEC-9020-4D7E-B9B6-BA5B6F19A605}.Debug|x64.ActiveCfg = Debug|x64
		{676DCDEC-9020-4D7E-B9B6-BA5B6F19A605}.Debug|x64.Build.0 = Debug|x64
		{676DCDEC-9020-4D7E-B9B6-BA5B6F19A605}.Release|Mixed Platforms.ActiveCfg = Release|x64
		{676DCDEC-9020-4D7E-B9B6-BA5B6F19A605}.Release|Mixed Platforms.Build.0 = Release|x64
		{676DCDEC-9020-4D7E-B9B6-BA5B6F19A605}.Release|Win32.ActiveCfg = Release|Win32
		{676DCDEC-9020-4D7E-B9B6-BA5B6F19A605}.Release|Win32.Build.0 = Release|Win32
		{676DCDEC-9020-4D7E-B9B6-BA5B6F19A605}.Release|x64.ActiveCfg = Release|x64
		{676DCDEC-9020-4D7E-B9B6-BA5B6F19A605}.Release|x64.Build.0 = Release|x64
		{676DCDEC-9020-4D7E-B9B6-BA5B6F19A605}.VLD|Mixed Platforms.ActiveCfg = VLD|x64
		{676DCDEC-9020-4D7E-B9B6-BA5B6F19A605}.VLD|Mixed Platforms.Build.0 = VLD|x64
		{676DCDEC-9020-4D7E-B9B6-BA5B6F19A605}.VLD|Win32.ActiveCfg = VLD|Win32
		{676DCDEC-9020-4D7E-B9B6-BA5B6F19A605}.VLD|Win32.Build.0 = VLD|Win32
		{676DCDEC-9020-4D7E-B9B6-BA5B6F19A605}.VLD|x64.ActiveCfg = VLD|x64
		{676DCDEC-9020-4D7E-B9B6-BA5B6F19A605}.VLD|x64.Build.0 = VLD|x64
		{288F8563-C758-4E24-BDE2-A4E483402576}.Debug|Mixed Platforms.ActiveCfg = Debug|x64
		{288F8563-C758-4E24-BDE2-A4E483402576}.Debug|Mixed Platforms.Build.0 = Debug|x64
		{288F8563-C758-4E24-BDE2-A4E483402576}.Debug|Win32.ActiveCfg = Debug|Win32
		{288F8563-C758-4E24-BDE2-A4E483402576}.Debug|Win32.Build.0 = Debug|Win32
		{288F8563-C758-4E24-BDE2-A4E483402576}.Debug|x64.ActiveCfg = Debug|x64
		{288F8563-C758-4E24-BDE2-A4E483402576}.Debug|x64.Build.0 = Debug|x64
		{288F8563-C758-4E24-BDE2-A4E483402576}.Release|Mixed Platforms.ActiveCfg = Release|x64
		{288F8563-C758-4E24-BDE2-A4E483402576}.Release|Mixed Platforms.Build.0 = Release|x64
		{288F8563-C758-4E24-BDE2-A4E483402576}.Release|Win32.ActiveCfg = Release|Win32
		{288F8563-C758-4E24-BDE2-A4E483402576}.Release|Win32.Build.0 = Release|Win32
		{288F8563-C758-4E24-BDE2-A4E483402576}.Release|x64.ActiveCfg = Release|x64
		{288F8563-C758-4E24-BDE2-A4E483402576}.Release|x64.Build.0 = Release|x64
		{288F8563-C758-4E24-BDE2-A4E483402576}.VLD|Mixed Platforms.ActiveCfg = VLD|x64
		{288F8563-C758-4E24-BDE2-A4E483402576}.VLD|Mixed Platforms.Build.0 = VLD|x64
		{288F8563-C758-4E24-BDE2-A4E483402576}.VLD|Win32.ActiveCfg = VLD|Win32
		{288F8563-C758-4E24-BDE2-A4E483402576}.VLD|Win32.Build.0 = VLD|Win32
		{288F8563-C758-4E24-BDE2-A4E483402576}.VLD|x64.ActiveCfg = VLD|x64
		{288F8563-C758-4E24-BDE2-A4E483402576}.VLD|x64.Build.0 = VLD|x64
		{438D8E21-2E8B-40BA-A419-D95E31490928}.Debug|Mixed Platforms.ActiveCfg = Debug|x64
		{438D8E21-2E8B-40BA-A419-D95E31490928}.Debug|Mixed Platforms.Build.0 = Debug|x64
		{438D8E21-2E8B-40BA-A419-D95E31490928}.Debug|Win32.ActiveCfg = Debug|Win32
		{438D8E21-2E8B-40BA-A419-D95E31490928}.Debug|Win32.Build.0 = Debug|Win32
		{438D8E21-2E8B-40BA-A419-D95E31490928}.Debug|x64.ActiveCfg = Debug|x64
		{438D8E21-2E8B-40BA-A419-D95E31490928}.Debug|x64.Build.0 = Debug|x64
		{438D8E21-2E8B-40BA-A419-D95E31490928}.Release|Mixed Platforms.ActiveCfg = Release|x64
		{438D8E21-2E8B-40BA-A419-D95E31490928}.Release|Mixed Platforms.Build.0 = Release|x64
		{438D8E21-2E8B-40BA-A419-D95E31490928}.Release|Win32.ActiveCfg = Release|Win32
		{438D8E21-2E8B-40BA-A419-D95E31490928}.Release|Win32.Build.0 = Release|Win32
		{438D8E21-2E8B-40BA-A419-D95E31490928}.Release|x64.ActiveCfg = Release|x64
		{438D8E21-2E8B-40BA-A419-D95E31490928}.Release|x64.Build.0 = Release|x64
		{438D8E21-2E8B-40BA-A419-D95E31490928}.VLD|Mixed Platforms.ActiveCfg = VLD|x64
		{438D8E21-2E8B-40BA-A419-D95E31490928}.VLD|Mixed Platforms.Build.0 = VLD|x64
		{438D8E21-2E8B-40BA-A419-D95E31490928}.VLD|Win32.ActiveCfg = VLD|Win32
		{438D8E21-2E8B-40BA-A419-D95E31490928}.VLD|Win32.Build.0 = VLD|Win32
		{438D8E21-2E8B-40BA-A419-D95E31490928}.VLD|x64.ActiveCfg = VLD|x64
		{438D8E21-2E8B-40BA-A419-D95E31490928}.VLD|x64.Build.0 = VLD|x64
		{D15F102C-5EAF-4D74-BF18-157AE748281B}.Debug|Mixed Platforms.ActiveCfg = Debug|x64
		{D15F102C-5EAF-4D74-BF18-157AE748281B}.Debug|Mixed Platforms.Build.0 = Debug|x64
		{D15F102C-5EAF-4D74-BF18-157AE748281B}.Debug|Win32.ActiveCfg = Debug|Win32
		{D15F102C-5EAF-4D74-BF18-157AE748281B}.Debug|Win32.Build.0 = Debug|Win32
		{D15F102C-5EAF-4D74-BF18-157AE748281B}.Debug|x64.ActiveCfg = Debug|x64
		{D15F102C-5EAF-4D74-BF18-157AE748281B}.Debug|x64.Build.0 = Debug|x64
		{D15F102C-5EAF-4D74-BF18-157AE748281B}.Release|Mixed Platforms.ActiveCfg = Release|x64
		{D15F102C-5EAF-4D74-BF18-157AE748281B}.Release|Mixed Platforms.Build.0 = Release|x64
		{D15F102C-5EAF-4D74-BF18-157AE748281B}.Release|Win32.ActiveCfg = Release|Win32
		{D15F102C-5EAF-4D74-BF18-157AE748281B}.Release|Win32.Build.0 = Release|Win32
		{D15F102C-5EAF-4D74-BF18-157AE748281B}.Release|x64.ActiveCfg = Release|x64
		{D15F102C-5EAF-4D74-BF18-157AE748281B}.Release|x64.Build.0 = Release|x64
		{D15F102C-5EAF-4D74-BF18-157AE748281B}.VLD|Mixed Platforms.ActiveCfg = VLD|x64
		{D15F102C-5EAF-4D74-BF18-157AE748281B}.VLD|Mixed Platforms.Build.0 = VLD|x64
		{D15F102C-5EAF-4D74-BF18-157AE748281B}.VLD|Win32.ActiveCfg = VLD|Win32
		{D15F102C-5EAF-4D74-BF18-157AE748281B}.VLD|Win32.Build.0 = VLD|Win32
		{D15F102C-5EAF-4D74-BF18-157AE748281B}.VLD|x64.ActiveCfg = VLD|x64
		{D15F102C-5EAF-4D74-BF18-157AE748281B}.VLD|x64.Build.0 = VLD|x64
		{44D45351-3900-43BF-82A7-58014B931B0B}.Debug|Mixed Platforms.ActiveCfg = Debug|x64
		{44D45351-3900-43BF-82A7-58014B931B0B}.Debug|Mixed Platforms.Build.0 = Debug|x64
		{44D45351-3900-43BF-82A7-58014B931B0B}.Debug|Win32.ActiveCfg = Debug|Win32
		{44D45351-3900-43BF-82A7-58014B931B0B}.Debug|Win32.Build.0 = Debug|Win32
		{44D45351-3900-43BF-82A7-58014B931B0B}.Debug|x64.ActiveCfg = Debug|x64
		{44D45351-3900-43BF-82A7-58014B931B0B}.Debug|x64.Build.0 = Debug|x64
		{44D45351-3900-43BF-82A7-58014B931B0B}.Release|Mixed Platforms.ActiveCfg = Release|x64
		{44D45351-3900-43BF-82A7-58014B931B0B}.Release|Mixed Platforms.Build.0 = Release|x64
		{44D45351-3900-43BF-82A7-58014B931B0B}.Release|Win32.ActiveCfg = Release|Win32
		{44D45351-3900-43BF-82A7-58014B931B0B}.Release|Win32.Build.0 = Release|Win32
		{44D45351-3900-43BF-82A7-58014B931B0B}.Release|x64.ActiveCfg = Release|x64
		{44D45351-3900-43BF-82A7-58014B931B0B}.Release|x64.Build.0 = Release|x64
		{44D45351-3900-43BF-82A7-58014B931B0B}.VLD|Mixed Platforms.ActiveCfg = VLD|x64
		{44D45351-3900-43BF-82A7-58014B931B0B}.VLD|Mixed Platforms.Build.0 = VLD|x64
		{44D45351-3900-43BF-82A7-58014B931B0B}.VLD|Win32.ActiveCfg = VLD|Win32
		{44D45351-3900-43BF-82A7-58014B931B0B}.VLD|Win32.Build.0 = VLD|Win32
		{44D45351-3900-43BF-82A7-58014B931B0B}.VLD|x64.ActiveCfg = VLD|x64
		{44D45351-3900-43BF-82A7-58014B931B0B}.VLD|x64.Build.0 = VLD|x64
		{E6179687-69C0-47A9-A7B2-F57BBE328DFE}.Debug|Mixed Platforms.ActiveCfg = Debug|x64
		{E6179687-69C0-47A9-A7B2-F57BBE328DFE}.Debug|Mixed Platforms.Build.0 = Debug|x64
		{E6179687-69C0-47A9-A7B2-F57BBE328DFE}.Debug|Win32.ActiveCfg = Debug|Win32
		{E6179687-69C0-47A9-A7B2-F57BBE328DFE}.Debug|Win32.Build.0 = Debug|Win32
		{E6179687-69C0-47A9-A7B2-F57BBE328DFE}.Debug|x64.ActiveCfg = Debug|x64
		{E6179687-69C0-47A9-A7B2-F57BBE328DFE}.Debug|x64.Build.0 = Debug|x64
		{E6179687-69C0-47A9-A7B2-F57BBE328DFE}.Release|Mixed Platforms.ActiveCfg = Release|x64
		{E6179687-69C0-47A9-A7B2-F57BBE328DFE}.Release|Mixed Platforms.Build.0 = Release|x64
		{E6179687-69C0-47A9-A7B2-F57BBE328DFE}.Release|Win32.ActiveCfg = Release|Win32
		{E6179687-69C0-47A9-A7B2-F57BBE328DFE}.Release|Win32.Build.0 = Release|Win32
		{E6179687-69C0-47A9-A7B2-F57BBE328DFE}.Release|x64.ActiveCfg = Release|x64
		{E6179687-69C0-47A9-A7B2-F57BBE328DFE}.Release|x64.Build.0 = Release|x64
		{E6179687-69C0-47A9-A7B2-F57BBE328DFE}.VLD|Mixed Platforms.ActiveCfg = VLD|x64
		{E6179687-69C0-47A9-A7B2-F57BBE328DFE}.VLD|Mixed Platforms.Build.0 = VLD|x64
		{E6179687-69C0-47A9-A7B2-F57BBE328DFE}.VLD|Win32.ActiveCfg = VLD|Win32
		{E6179687-69C0-47A9-A7B2-F57BBE328DFE}.VLD|Win32.Build.0 = VLD|Win32
		{E6179687-69C0-47A9-A7B2-F57BBE328DFE}.VLD|x64.ActiveCfg = VLD|x64
		{E6179687-69C0-47A9-A7B2-F57BBE328DFE}.VLD|x64.Build.0 = VLD|x64
		{E81BF999-2701-4718-B723-D9492040F36E}.Debug|Mixed Platforms.ActiveCfg = Debug|x64
		{E81BF999-2701-4718-B723-D9492040F36E}.Debug|Mixed Platforms.Build.0 = Debug|x64
		{E81BF999-2701-4718-B723-D9492040F36E}.Debug|Win32.ActiveCfg = Debug|Win32
		{E81BF999-2701-4718-B723-D9492040F36E}.Debug|Win32.Build.0 = Debug|Win32
		{E81BF999-2701-4718-B723-D9492040F36E}.Debug|x64.ActiveCfg = Debug|x64
		{E81BF999-2701-4718-B723-D9492040F36E}.Debug|x64.Build.0 = Debug|x64
		{E81BF999-2701-4718-B723-D9492040F36E}.Release|Mixed Platforms.ActiveCfg = Release|x64
		{E81BF999-2701-4718-B723-D9492040F36E}.Release|Mixed Platforms.Build.0 = Release|x64
		{E81BF999-2701-4718-B723-D9492040F36E}.Release|Win32.ActiveCfg = Release|Win32
		{E81BF999-2701-4718-B723-D9492040F36E}.Release|Win32.Build.0 = Release|Win32
		{E81BF999-2701-4718-B723-D9492040F36E}.Release|x64.ActiveCfg = Release|x64
		{E81BF999-2701-4718-B723-D9492040F36E}.Release|x64.Build.0 = Release|x64
		{E81BF999-2701-4718-B723-D9492040F36E}.VLD|Mixed Platforms.ActiveCfg = VLD|x64
		{E81BF999-2701-4718-B723-D9492040F36E}.VLD|Mixed Platforms.Build.0 = VLD|x64
		{E81BF999-2701-4718-B723-D9492040F36E}.VLD|Win32.ActiveCfg = VLD|Win32
		{E81BF999-2701-4718-B723-D9492040F36E}.VLD|Win32.Build.0 = VLD|Win32
		{E81BF999-2701-4718-B723-D9492040F36E}.VLD|x64.ActiveCfg = VLD|x64
		{E81BF999-2701-4718-B723-D9492040F36E}.VLD|x64.Build.0 = VLD|x64
		{50155DD8-2816-4175-8DBB-88FF0BC29BEF}.Debug|Mixed Platforms.ActiveCfg = Debug|x64
		{50155DD8-2816-4175-8DBB-88FF0BC29BEF}.Debug|Mixed Platforms.Build.0 = Debug|x64
		{50155DD8-2816-4175-8DBB-88FF0BC29BEF}.Debug|Win32.ActiveCfg = Debug|Win32
		{50155DD8-2816-4175-8DBB-88FF0BC29BEF}.Debug|Win32.Build.0 = Debug|Win32
		{50155DD8-2816-4175-8DBB-88FF0BC29BEF}.Debug|x64.ActiveCfg = Debug|x64
		{50155DD8-2816-4175-8DBB-88FF0BC29BEF}.Debug|x64.Build.0 = Debug|x64
		{50155DD8-2816-4175-8DBB-88FF0BC29BEF}.Release|Mixed Platforms.ActiveCfg = Release|x64
		{50155DD8-2816-4175-8DBB-88FF0BC29BEF}.Release|Mixed Platforms.Build.0 = Release|x64
		{50155DD8-2816-4175-8DBB-88FF0BC29BEF}.Release|Win32.ActiveCfg = Release|Win32
		{50155DD8-2816-4175-8DBB-88FF0BC29BEF}.Release|Win32.Build.0 = Release|Win32
		{50155DD8-2816-4175-8DBB-88FF0BC29BEF}.Release|x64.ActiveCfg = Release|x64
		{50155DD8-2816-4175-8DBB-88FF0BC29BEF}.Release|x64.Build.0 = Release|x64
		{50155DD8-2816-4175-8DBB-88FF0BC29BEF}.VLD|Mixed Platforms.ActiveCfg = VLD|x64
		{50155DD8-2816-4175-8DBB-88FF0BC29BEF}.VLD|Mixed Platforms.Build.0 = VLD|x64
		{50155DD8-2816-4175-8DBB-88FF0BC29BEF}.VLD|Win32.ActiveCfg = VLD|Win32
		{50155DD8-2816-4175-8DBB-88FF0BC29BEF}.VLD|Win32.Build.0 = VLD|Win32
		{50155DD8-2816-4175-8DBB-88FF0BC29BEF}.VLD|x64.ActiveCfg = VLD|x64
		{50155DD8-2816-4175-8DBB-88FF0BC29BEF}.VLD|x64.Build.0 = VLD|x64
		{7D4A173D-FA68-456B-91F1-F79442F78FA8}.Debug|Mixed Platforms.ActiveCfg = Debug|x64
		{7D4A173D-FA68-456B-91F1-F79442F78FA8}.Debug|Mixed Platforms.Build.0 = Debug|x64
		{7D4A173D-FA68-456B-91F1-F79442F78FA8}.Debug|Win32.ActiveCfg = Debug|Win32
		{7D4A173D-FA68-456B-91F1-F79442F78FA8}.Debug|Win32.Build.0 = Debug|Win32
		{7D4A173D-FA68-456B-91F1-F79442F78FA8}.Debug|x64.ActiveCfg = Debug|x64
		{7D4A173D-FA68-456B-91F1-F79442F78FA8}.Debug|x64.Build.0 = Debug|x64
		{7D4A173D-FA68-456B-91F1-F79442F78FA8}.Release|Mixed Platforms.ActiveCfg = Release|x64
		{7D4A173D-FA68-456B-91F1-F79442F78FA8}.Release|Mixed Platforms.Build.0 = Release|x64
		{7D4A173D-FA68-456B-91F1-F79442F78FA8}.Release|Win32.ActiveCfg = Release|Win32
		{7D4A173D-FA68-456B-91F1-F79442F78FA8}.Release|Win32.Build.0 = Release|Win32
		{7D4A173D-FA68-456B-91F1-F79442F78FA8}.Release|x64.ActiveCfg = Release|x64
		{7D4A173D-FA68-456B-91F1-F79442F78FA8}.Release|x64.Build.0 = Release|x64
		{7D4A173D-FA68-456B-91F1-F79442F78FA8}.VLD|Mixed Platforms.ActiveCfg = VLD|x64
		{7D4A173D-FA68-456B-91F1-F79442F78FA8}.VLD|Mixed Platforms.Build.0 = VLD|x64
		{7D4A173D-FA68-456B-91F1-F79442F78FA8}.VLD|Win32.ActiveCfg = VLD|Win32
		{7D4A173D-FA68-456B-91F1-F79442F78FA8}.VLD|Win32.Build.0 = VLD|Win32
		{7D4A173D-FA68-456B-91F1-F79442F78FA8}.VLD|x64.ActiveCfg = VLD|x64
		{7D4A173D-FA68-456B-91F1-F79442F78FA8}.VLD|x64.Build.0 = VLD|x64
		{FB366FF9-188A-40C4-9367-CF11B84B735D}.Debug|Mixed Platforms.ActiveCfg = Debug|x64
		{FB366FF9-188A-40C4-9367-CF11B84B735D}.Debug|Mixed Platforms.Build.0 = Debug|x64
		{FB366FF9-188A-40C4-9367-CF11B84B735D}.Debug|Win32.ActiveCfg = Debug|Win32
		{FB366FF9-188A-40C4-9367-CF11B84B735D}.Debug|Win32.Build.0 = Debug|Win32
		{FB366FF9-188A-40C4-9367-CF11B84B735D}.Debug|x64.ActiveCfg = Debug|x64
		{FB366FF9-188A-40C4-9367-CF11B84B735D}.Debug|x64.Build.0 = Debug|x64
		{FB366FF9-188A-40C4-9367-CF11B84B735D}.Release|Mixed Platforms.ActiveCfg = Release|x64
		{FB366FF9-188A-40C4-9367-CF11B84B735D}.Release|Mixed Platforms.Build.0 = Release|x64
		{FB366FF9-188A-40C4-9367-CF11B84B735D}.Release|Win32.ActiveCfg = Release|Win32
		{FB366FF9-188A-40C4-9367-CF11B84B735D}.Release|Win32.Build.0 = Release|Win32
		{FB366FF9-188A-40C4-9367-CF11B84B735D}.Release|x64.ActiveCfg = Release|x64
		{FB366FF9-188A-40C4-9367-CF11B84B735D}.Release|x64.Build.0 = Release|x64
		{FB366FF9-188A-40C4-9367-CF11B84B735D}.VLD|Mixed Platforms.ActiveCfg = VLD|x64
		{FB366FF9-188A-40C4-9367-CF11B84B735D}.VLD|Mixed Platforms.Build.0 = VLD|x64
		{FB366FF9-188A-40C4-9367-CF11B84B735D}.VLD|Win32.ActiveCfg = VLD|Win32
		{FB366FF9-188A-40C4-9367-CF11B84B735D}.VLD|Win32.Build.0 = VLD|Win32
		{FB366FF9-188A-40C4-9367-CF11B84B735D}.VLD|x64.ActiveCfg = VLD|x64
		{FB366FF9-188A-40C4-9367-CF11B84B735D}.VLD|x64.Build.0 = VLD|x64
		{6921F8C7-EA6E-4D09-8114-D2F6E43A3B21}.Debug|Mixed Platforms.ActiveCfg = Debug|x64
		{6921F8C7-EA6E-4D09-8114-D2F6E43A3B21}.Debug|Mixed Platforms.Build.0 = Debug|x64
		{6921F8C7-EA6E-4D09-8114-D2F6E43A3B21}.Debug|Win32.ActiveCfg = Debug|Win32
		{6921F8C7-EA6E-4D09-8114-D2F6E43A3B21}.Debug|Win32.Build.0 = Debug|Win32
		{6921F8C7-EA6E-4D09-8114-D2F6E43A3B21}.Debug|x64.ActiveCfg = Debug|x64
		{6921F8C7-EA6E-4D09-8114-D2F6E43A3B21}.Debug|x64.Build.0 = Debug|x64
		{6921F8C7-EA6E-4D09-8114-D2F6E43A3B21}.Release|Mixed Platforms.ActiveCfg = Release|x64
		{6921F8C7-EA6E-4D09-8114-D2F6E43A3B21}.Release|Mixed Platforms.Build.0 = Release|x64
		{6921F8C7-EA6E-4D09-8114-D2F6E43A3B21}.Release|Win32.ActiveCfg = Release|Win32
		{6921F8C7-EA6E-4D09-8114-D2F6E43A3B21}.Release|Win32.Build.0 = Release|Win32
		{6921F8C7-EA6E-4D09-8114-D2F6E43A3B21}.Release|x64.ActiveCfg = Release|x64
		{6921F8C7-EA6E-4D09-8114-D2F6E43A3B21}.Release|x64.Build.0 = Release|x64
		{6921F8C7-EA6E-4D09-8114-D2F6E43A3B21}.VLD|Mixed Platforms.ActiveCfg = VLD|x64
		{6921F8C7-EA6E-4D09-8114-D2F6E43A3B21}.VLD|Mixed Platforms.Build.0 = VLD|x64
		{6921F8C7-EA6E-4D09-8114-D2F6E43A3B21}.VLD|Win32.ActiveCfg = VLD|Win32
		{6921F8C7-EA6E-4D09-8114-D2F6E43A3B21}.VLD|Win32.Build.0 = VLD|Win32
		{6921F8C7-EA6E-4D09-8114-D2F6E43A3B21}.VLD|x64.ActiveCfg = VLD|x64
		{6921F8C7-EA6E-4D09-8114-D2F6E43A3B21}.VLD|x64.Build.0 = VLD|x64
		{D703D91E-9160-47BA-B53F-60CCD4801654}.Debug|Mixed Platforms.ActiveCfg = Debug|Win32
		{D703D91E-9160-47BA-B53F-60CCD4801654}.Debug|Mixed Platforms.Build.0 = Debug|Win32
		{D703D91E-9160-47BA-B53F-60CCD4801654}.Debug|Win32.ActiveCfg = Debug|Win32
		{D703D91E-9160-47BA-B53F-60CCD4801654}.Debug|Win32.Build.0 = Debug|Win32
		{D703D91E-9160-47BA-B53F-60CCD4801654}.Debug|x64.ActiveCfg = Debug|x64
		{D703D91E-9160-47BA-B53F-60CCD4801654}.Debug|x64.Build.0 = Debug|x64
		{D703D91E-9160-47BA-B53F-60CCD4801654}.Release|Mixed Platforms.ActiveCfg = Release|Win32
		{D703D91E-9160-47BA-B53F-60CCD4801654}.Release|Mixed Platforms.Build.0 = Release|Win32
		{D703D91E-9160-47BA-B53F-60CCD4801654}.Release|Win32.ActiveCfg = Release|Win32
		{D703D91E-9160-47BA-B53F-60CCD4801654}.Release|Win32.Build.0 = Release|Win32
		{D703D91E-9160-47BA-B53F-60CCD4801654}.Release|x64.ActiveCfg = Release|x64
		{D703D91E-9160-47BA-B53F-60CCD4801654}.Release|x64.Build.0 = Release|x64
		{D703D91E-9160-47BA-B53F-60CCD4801654}.VLD|Mixed Platforms.ActiveCfg = Release|Win32
		{D703D91E-9160-47BA-B53F-60CCD4801654}.VLD|Mixed Platforms.Build.0 = Release|Win32
		{D703D91E-9160-47BA-B53F-60CCD4801654}.VLD|Win32.ActiveCfg = Release|Win32
		{D703D91E-9160-47BA-B53F-60CCD4801654}.VLD|Win32.Build.0 = Release|Win32
		{D703D91E-9160-47BA-B53F-60CCD4801654}.VLD|x64.ActiveCfg = Release|x64
		{D703D91E-9160-47BA-B53F-60CCD4801654}.VLD|x64.Build.0 = Release|x64
		{F6F1AB1F-FB19-44F3-AA31-757D98E484C9}.Debug|Mixed Platforms.ActiveCfg = Debug|Win32
		{F6F1AB1F-FB19-44F3-AA31-757D98E484C9}.Debug|Mixed Platforms.Build.0 = Debug|Win32
		{F6F1AB1F-FB19-44F3-AA31-757D98E484C9}.Debug|Win32.ActiveCfg = Debug|Win32
		{F6F1AB1F-FB19-44F3-AA31-757D98E484C9}.Debug|Win32.Build.0 = Debug|Win32
		{F6F1AB1F-FB19-44F3-AA31-757D98E484C9}.Debug|x64.ActiveCfg = Debug|x64
		{F6F1AB1F-FB19-44F3-AA31-757D98E484C9}.Debug|x64.Build.0 = Debug|x64
		{F6F1AB1F-FB19-44F3-AA31-757D98E484C9}.Release|Mixed Platforms.ActiveCfg = Release|Win32
		{F6F1AB1F-FB19-44F3-AA31-757D98E484C9}.Release|Mixed Platforms.Build.0 = Release|Win32
		{F6F1AB1F-FB19-44F3-AA31-757D98E484C9}.Release|Win32.ActiveCfg = Release|Win32
		{F6F1AB1F-FB19-44F3-AA31-757D98E484C9}.Release|Win32.Build.0 = Release|Win32
		{F6F1AB1F-FB19-44F3-AA31-757D98E484C9}.Release|x64.ActiveCfg = Release|x64
		{F6F1AB1F-FB19-44F3-AA31-757D98E484C9}.Release|x64.Build.0 = Release|x64
		{F6F1AB1F-FB19-44F3-AA31-757D98E484C9}.VLD|Mixed Platforms.ActiveCfg = Release|Win32
		{F6F1AB1F-FB19-44F3-AA31-757D98E484C9}.VLD|Mixed Platforms.Build.0 = Release|Win32
		{F6F1AB1F-FB19-44F3-AA31-757D98E484C9}.VLD|Win32.ActiveCfg = Release|Win32
		{F6F1AB1F-FB19-44F3-AA31-757D98E484C9}.VLD|Win32.Build.0 = Release|Win32
		{F6F1AB1F-FB19-44F3-AA31-757D98E484C9}.VLD|x64.ActiveCfg = Release|x64
		{F6F1AB1F-FB19-44F3-AA31-757D98E484C9}.VLD|x64.Build.0 = Release|x64
		{76F683E8-9861-4F56-9E3F-72FA0FEEC782}.Debug|Mixed Platforms.ActiveCfg = Debug|Win32
		{76F683E8-9861-4F56-9E3F-72FA0FEEC782}.Debug|Mixed Platforms.Build.0 = Debug|Win32
		{76F683E8-9861-4F56-9E3F-72FA0FEEC782}.Debug|Win32.ActiveCfg = Debug|Win32
		{76F683E8-9861-4F56-9E3F-72FA0FEEC782}.Debug|Win32.Build.0 = Debug|Win32
		{76F683E8-9861-4F56-9E3F-72FA0FEEC782}.Debug|x64.ActiveCfg = Debug|x64
		{76F683E8-9861-4F56-9E3F-72FA0FEEC782}.Debug|x64.Build.0 = Debug|x64
		{76F683E8-9861-4F56-9E3F-72FA0FEEC782}.Release|Mixed Platforms.ActiveCfg = Release|Win32
		{76F683E8-9861-4F56-9E3F-72FA0FEEC782}.Release|Mixed Platforms.Build.0 = Release|Win32
		{76F683E8-9861-4F56-9E3F-72FA0FEEC782}.Release|Win32.ActiveCfg = Release|Win32
		{76F683E8-9861-4F56-9E3F-72FA0FEEC782}.Release|Win32.Build.0 = Release|Win32
		{76F683E8-9861-4F56-9E3F-72FA0FEEC782}.Release|x64.ActiveCfg = Release|x64
		{76F683E8-9861-4F56-9E3F-72FA0FEEC782}.Release|x64.Build.0 = Release|x64
		{76F683E8-9861-4F56-9E3F-72FA0FEEC782}.VLD|Mixed Platforms.ActiveCfg = Release|Win32
		{76F683E8-9861-4F56-9E3F-72FA0FEEC782}.VLD|Mixed Platforms.Build.0 = Release|Win32
		{76F683E8-9861-4F56-9E3F-72FA0FEEC782}.VLD|Win32.ActiveCfg = Release|Win32
		{76F683E8-9861-4F56-9E3F-72FA0FEEC782}.VLD|Win32.Build.0 = Release|Win32
		{76F683E8-9861-4F56-9E3F-72FA0FEEC782}.VLD|x64.ActiveCfg = Release|x64
		{76F683E8-9861-4F56-9E3F-72FA0FEEC782}.VLD|x64.Build.0 = Release|x64
	EndGlobalSection
	GlobalSection(SolutionProperties) = preSolution
		HideSolutionNode = FALSE
	EndGlobalSection
	GlobalSection(NestedProjects) = preSolution
		{9B9BA8D9-9BD6-41A2-88AC-9FC391C21E4E} = {3F048A32-E0DD-41BD-8532-D3F1D10EFB66}
		{F7C11AF6-9C00-4FED-934F-644005C4BA61} = {780ABFE2-D0EA-4557-83A3-F6240A527C0D}
		{E2283EDD-CAEB-47A6-AC58-705C5293DB85} = {780ABFE2-D0EA-4557-83A3-F6240A527C0D}
		{1D6E1AE1-1AEB-49CD-B4A4-4CC9448523A1} = {780ABFE2-D0EA-4557-83A3-F6240A527C0D}
		{0766E7E9-36D8-4894-BCBD-44418910B486} = {1D6E1AE1-1AEB-49CD-B4A4-4CC9448523A1}
		{C58919D2-57B6-4B4E-AA15-7DC17DC76B52} = {8D1CEB1F-AEA7-4642-9003-AE5ED08640EE}
		{F45250B3-A5C1-420D-8269-048A34E7A3EB} = {2882E032-2A85-41C6-B00C-7BE4DACB5FB4}
		{C46B9673-33F5-47D2-B314-AE7008A8AF14} = {8D1CEB1F-AEA7-4642-9003-AE5ED08640EE}
		{2882E032-2A85-41C6-B00C-7BE4DACB5FB4} = {E2283EDD-CAEB-47A6-AC58-705C5293DB85}
		{8D1CEB1F-AEA7-4642-9003-AE5ED08640EE} = {E2283EDD-CAEB-47A6-AC58-705C5293DB85}
		{676DCDEC-9020-4D7E-B9B6-BA5B6F19A605} = {2882E032-2A85-41C6-B00C-7BE4DACB5FB4}
		{288F8563-C758-4E24-BDE2-A4E483402576} = {2882E032-2A85-41C6-B00C-7BE4DACB5FB4}
		{438D8E21-2E8B-40BA-A419-D95E31490928} = {2882E032-2A85-41C6-B00C-7BE4DACB5FB4}
		{D15F102C-5EAF-4D74-BF18-157AE748281B} = {2882E032-2A85-41C6-B00C-7BE4DACB5FB4}
		{44D45351-3900-43BF-82A7-58014B931B0B} = {2882E032-2A85-41C6-B00C-7BE4DACB5FB4}
		{E6179687-69C0-47A9-A7B2-F57BBE328DFE} = {2882E032-2A85-41C6-B00C-7BE4DACB5FB4}
		{E81BF999-2701-4718-B723-D9492040F36E} = {8D1CEB1F-AEA7-4642-9003-AE5ED08640EE}
		{50155DD8-2816-4175-8DBB-88FF0BC29BEF} = {1D6E1AE1-1AEB-49CD-B4A4-4CC9448523A1}
		{7D4A173D-FA68-456B-91F1-F79442F78FA8} = {F7C11AF6-9C00-4FED-934F-644005C4BA61}
		{FB366FF9-188A-40C4-9367-CF11B84B735D} = {8D1CEB1F-AEA7-4642-9003-AE5ED08640EE}
		{6921F8C7-EA6E-4D09-8114-D2F6E43A3B21} = {F7C11AF6-9C00-4FED-934F-644005C4BA61}
		{D703D91E-9160-47BA-B53F-60CCD4801654} = {8D1CEB1F-AEA7-4642-9003-AE5ED08640EE}
		{F6F1AB1F-FB19-44F3-AA31-757D98E484C9} = {1D6E1AE1-1AEB-49CD-B4A4-4CC9448523A1}
		{76F683E8-9861-4F56-9E3F-72FA0FEEC782} = {8D1CEB1F-AEA7-4642-9003-AE5ED08640EE}
	EndGlobalSection
	GlobalSection(ExtensibilityGlobals) = postSolution
		SolutionGuid = {6D6C2F54-0DCA-4160-89A4-CFB530D910B5}
	EndGlobalSection
EndGlobal
