<?xml version="1.0" encoding="utf-8"?>
<Project ToolsVersion="4.0" xmlns="http://schemas.microsoft.com/developer/msbuild/2003">
  <ItemGroup>
    <ClCompile Include="Control.Ad.SidHistory.c">
      <Filter>Source Files</Filter>
    </ClCompile>
    <ClCompile Include="..\Utils\Control.c">
      <Filter>Source Files\Utils</Filter>
    </ClCompile>
  </ItemGroup>
  <ItemGroup>
    <ClInclude Include="..\Utils\Control.h">
      <Filter>Header Files</Filter>
    </ClInclude>
  </ItemGroup>
  <ItemGroup>
    <Filter Include="Header Files">
      <UniqueIdentifier>{de0f65cd-f860-487a-82b8-0716263de51f}</UniqueIdentifier>
    </Filter>
    <Filter Include="Source Files">
      <UniqueIdentifier>{8bd81425-5737-455d-b403-6b3bad781a6b}</UniqueIdentifier>
    </Filter>
    <Filter Include="Source Files\Utils">
      <UniqueIdentifier>{205e1afe-61b9-4b23-91d8-ff7ed533cacb}</UniqueIdentifier>
    </Filter>
  </ItemGroup>
</Project>