<?xml version="1.0" encoding="utf-8"?>
<Project ToolsVersion="12.0" xmlns="http://schemas.microsoft.com/developer/msbuild/2003">
  <ItemGroup>
    <ClCompile Include="Control.Ad.Sd.c">
      <Filter>Source Files</Filter>
    </ClCompile>
    <ClCompile Include="..\Utils\Control.c">
      <Filter>Source Files\Utils</Filter>
    </ClCompile>
  </ItemGroup>
  <ItemGroup>
    <ClInclude Include="..\Utils\Control.h">
      <Filter>Header Files</Filter>
    </ClInclude>
  </ItemGroup>
  <ItemGroup>
    <Filter Include="Header Files">
      <UniqueIdentifier>{bb3a8244-092b-4a22-85be-5717f5cfab5b}</UniqueIdentifier>
    </Filter>
    <Filter Include="Source Files">
      <UniqueIdentifier>{90c0ff9d-209a-4e77-8904-4ce9eebff5c2}</UniqueIdentifier>
    </Filter>
    <Filter Include="Source Files\Utils">
      <UniqueIdentifier>{2af91aef-5663-4f56-9bb8-83dc9d566f2c}</UniqueIdentifier>
    </Filter>
  </ItemGroup>
</Project>