
Microsoft Visual Studio Solution File, Format Version 12.00
# Visual Studio 2013
VisualStudioVersion = 12.0.21005.1
MinimumVisualStudioVersion = 10.0.40219.1
Project("{8BC9CEB8-8B4A-11D0-8D11-00A0C91BC942}") = "LdapDump", "LdapDump\LdapDump.vcxproj", "{85A45B82-F5CF-47C6-8356-0AD5CF5E8820}"
EndProject
Global
	GlobalSection(SolutionConfigurationPlatforms) = preSolution
		Debug|Win32 = Debug|Win32
		Debug|x64 = Debug|x64
		Release|Win32 = Release|Win32
		Release|x64 = Release|x64
		VLD|Win32 = VLD|Win32
		VLD|x64 = VLD|x64
	EndGlobalSection
	GlobalSection(ProjectConfigurationPlatforms) = postSolution
		{85A45B82-F5CF-47C6-8356-0AD5CF5E8820}.Debug|Win32.ActiveCfg = Debug|x64
		{85A45B82-F5CF-47C6-8356-0AD5CF5E8820}.Debug|Win32.Build.0 = Debug|x64
		{85A45B82-F5CF-47C6-8356-0AD5CF5E8820}.Debug|x64.ActiveCfg = Debug|x64
		{85A45B82-F5CF-47C6-8356-0AD5CF5E8820}.Debug|x64.Build.0 = Debug|x64
		{85A45B82-F5CF-47C6-8356-0AD5CF5E8820}.Release|Win32.ActiveCfg = Release|x64
		{85A45B82-F5CF-47C6-8356-0AD5CF5E8820}.Release|Win32.Build.0 = Release|x64
		{85A45B82-F5CF-47C6-8356-0AD5CF5E8820}.Release|x64.ActiveCfg = Release|x64
		{85A45B82-F5CF-47C6-8356-0AD5CF5E8820}.Release|x64.Build.0 = Release|x64
		{85A45B82-F5CF-47C6-8356-0AD5CF5E8820}.VLD|Win32.ActiveCfg = VLD|Win32
		{85A45B82-F5CF-47C6-8356-0AD5CF5E8820}.VLD|Win32.Build.0 = VLD|Win32
		{85A45B82-F5CF-47C6-8356-0AD5CF5E8820}.VLD|x64.ActiveCfg = VLD|x64
		{85A45B82-F5CF-47C6-8356-0AD5CF5E8820}.VLD|x64.Build.0 = VLD|x64
	EndGlobalSection
	GlobalSection(SolutionProperties) = preSolution
		HideSolutionNode = FALSE
	EndGlobalSection
EndGlobal
